
Microsoft Visual Studio Solution File, Format Version 12.00
# Visual Studio Version 16
VisualStudioVersion = 16.0.29806.167
MinimumVisualStudioVersion = 10.0.40219.1
Project("{9A19103F-16F7-4668-BE54-9A1E7A4F7556}") = "Shared", "Shared\Shared.csproj", "{337F8EDD-6904-402F-8035-9EA0B8E28E80}"
EndProject
Project("{9A19103F-16F7-4668-BE54-9A1E7A4F7556}") = "Server.ConsoleApp", "Server.ConsoleApp\Server.ConsoleApp.csproj", "{44F49312-E0B6-4C05-A8F3-2D06EA2ECFE2}"
EndProject
Project("{9A19103F-16F7-4668-BE54-9A1E7A4F7556}") = "Client.ConsoleApp", "Client.ConsoleApp\Client.ConsoleApp.csproj", "{2D995319-CD29-4CA9-BEA3-EAE5E057A676}"
EndProject
Global
	GlobalSection(SolutionConfigurationPlatforms) = preSolution
		Debug|Any CPU = Debug|Any CPU
		Release|Any CPU = Release|Any CPU
	EndGlobalSection
	GlobalSection(ProjectConfigurationPlatforms) = postSolution
		{337F8EDD-6904-402F-8035-9EA0B8E28E80}.Debug|Any CPU.ActiveCfg = Debug|Any CPU
		{337F8EDD-6904-402F-8035-9EA0B8E28E80}.Debug|Any CPU.Build.0 = Debug|Any CPU
		{337F8EDD-6904-402F-8035-9EA0B8E28E80}.Release|Any CPU.ActiveCfg = Release|Any CPU
		{337F8EDD-6904-402F-8035-9EA0B8E28E80}.Release|Any CPU.Build.0 = Release|Any CPU
		{44F49312-E0B6-4C05-A8F3-2D06EA2ECFE2}.Debug|Any CPU.ActiveCfg = Debug|Any CPU
		{44F49312-E0B6-4C05-A8F3-2D06EA2ECFE2}.Debug|Any CPU.Build.0 = Debug|Any CPU
		{44F49312-E0B6-4C05-A8F3-2D06EA2ECFE2}.Release|Any CPU.ActiveCfg = Release|Any CPU
		{44F49312-E0B6-4C05-A8F3-2D06EA2ECFE2}.Release|Any CPU.Build.0 = Release|Any CPU
		{2D995319-CD29-4CA9-BEA3-EAE5E057A676}.Debug|Any CPU.ActiveCfg = Debug|Any CPU
		{2D995319-CD29-4CA9-BEA3-EAE5E057A676}.Debug|Any CPU.Build.0 = Debug|Any CPU
		{2D995319-CD29-4CA9-BEA3-EAE5E057A676}.Release|Any CPU.ActiveCfg = Release|Any CPU
		{2D995319-CD29-4CA9-BEA3-EAE5E057A676}.Release|Any CPU.Build.0 = Release|Any CPU
	EndGlobalSection
	GlobalSection(SolutionProperties) = preSolution
		HideSolutionNode = FALSE
	EndGlobalSection
	GlobalSection(ExtensibilityGlobals) = postSolution
		SolutionGuid = {1E017DCB-DDE5-4A8C-82DE-19A57A08FDD5}
	EndGlobalSection
EndGlobal
